# This file is generated by running "yarn install" inside your project.
# Manual changes might be lost - proceed with caution!

__metadata:
  version: 8
  cacheKey: 10c0

"@citizen-science-sdk/photoverifier-sdk@workspace:.":
  version: 0.0.0-use.local
  resolution: "@citizen-science-sdk/photoverifier-sdk@workspace:."
  dependencies:
    "@noble/hashes": "npm:^1.5.0"
    js-base64: "npm:^3.7.8"
  peerDependencies:
    "@solana/spl-token": "*"
    "@solana/web3.js": "*"
    expo: ">=51"
    expo-camera: "*"
    expo-file-system: "*"
    expo-location: "*"
    expo-media-library: "*"
    react: ">=18"
    react-native: ">=0.74"
  languageName: unknown
  linkType: soft

"@noble/hashes@npm:^1.5.0":
  version: 1.8.0
  resolution: "@noble/hashes@npm:1.8.0"
  checksum: 10c0/06a0b52c81a6fa7f04d67762e08b2c476a00285858150caeaaff4037356dd5e119f45b2a530f638b77a5eeca013168ec1b655db41bae3236cb2e9d511484fc77
  languageName: node
  linkType: hard

"js-base64@npm:^3.7.8":
  version: 3.7.8
  resolution: "js-base64@npm:3.7.8"
  checksum: 10c0/a4452a7e7f32b0ef568a344157efec00c14593bbb1cf0c113f008dddff7ec515b35147af0cd70a7735adb69a2a2bdee921adffea2ea465e2c856ba50d649b11e
  languageName: node
  linkType: hard
